
Microsoft Visual Studio Solution File, Format Version 12.00
# Visual Studio 2012
Project("{FAE04EC0-301F-11D3-BF4B-00C04F79EFBC}") = "Attribute", "Attribute\Attribute.csproj", "{B0749E95-A30D-418E-BFD3-CEE458FD471A}"
EndProject
Global
	GlobalSection(SolutionConfigurationPlatforms) = preSolution
		Debug|Any CPU = Debug|Any CPU
		Release|Any CPU = Release|Any CPU
	EndGlobalSection
	GlobalSection(ProjectConfigurationPlatforms) = postSolution
		{B0749E95-A30D-418E-BFD3-CEE458FD471A}.Debug|Any CPU.ActiveCfg = Debug|Any CPU
		{B0749E95-A30D-418E-BFD3-CEE458FD471A}.Debug|Any CPU.Build.0 = Debug|Any CPU
		{B0749E95-A30D-418E-BFD3-CEE458FD471A}.Release|Any CPU.ActiveCfg = Release|Any CPU
		{B0749E95-A30D-418E-BFD3-CEE458FD471A}.Release|Any CPU.Build.0 = Release|Any CPU
	EndGlobalSection
	GlobalSection(SolutionProperties) = preSolution
		HideSolutionNode = FALSE
	EndGlobalSection
EndGlobal
